// !$*UTF8*$!
{
	archiveVersion = 1;
	classes = {
	};
	objectVersion = 46;
	objects = {

/* Begin PBXBuildFile section */
		752DEB3F1F63A76B0070C161 /* AppDelegate.swift in Sources */ = {isa = PBXBuildFile; fileRef = 752DEB3E1F63A76B0070C161 /* AppDelegate.swift */; };
		752DEB411F63A76B0070C161 /* ViewController.swift in Sources */ = {isa = PBXBuildFile; fileRef = 752DEB401F63A76B0070C161 /* ViewController.swift */; };
		752DEB441F63A76B0070C161 /* Main.storyboard in Resources */ = {isa = PBXBuildFile; fileRef = 752DEB421F63A76B0070C161 /* Main.storyboard */; };
		752DEB461F63A76B0070C161 /* Assets.xcassets in Resources */ = {isa = PBXBuildFile; fileRef = 752DEB451F63A76B0070C161 /* Assets.xcassets */; };
		752DEB491F63A76B0070C161 /* LaunchScreen.storyboard in Resources */ = {isa = PBXBuildFile; fileRef = 752DEB471F63A76B0070C161 /* LaunchScreen.storyboard */; };
/* End PBXBuildFile section */

/* Begin PBXFileReference section */
		752DEB3B1F63A76B0070C161 /* MedHacks2017.app */ = {isa = PBXFileReference; explicitFileType = wrapper.application; includeInIndex = 0; path = MedHacks2017.app; sourceTree = BUILT_PRODUCTS_DIR; };
		752DEB3E1F63A76B0070C161 /* AppDelegate.swift */ = {isa = PBXFileReference; lastKnownFileType = sourcecode.swift; path = AppDelegate.swift; sourceTree = "<group>"; };
		752DEB401F63A76B0070C161 /* ViewController.swift */ = {isa = PBXFileReference; lastKnownFileType = sourcecode.swift; path = ViewController.swift; sourceTree = "<group>"; };
		752DEB431F63A76B0070C161 /* Base */ = {isa = PBXFileReference; lastKnownFileType = file.storyboard; name = Base; path = Base.lproj/Main.storyboard; sourceTree = "<group>"; };
		752DEB451F63A76B0070C161 /* Assets.xcassets */ = {isa = PBXFileReference; lastKnownFileType = folder.assetcatalog; path = Assets.xcassets; sourceTree = "<group>"; };
		752DEB481F63A76B0070C161 /* Base */ = {isa = PBXFileReference; lastKnownFileType = file.storyboard; name = Base; path = Base.lproj/LaunchScreen.storyboard; sourceTree = "<group>"; };
		752DEB4A1F63A76B0070C161 /* Info.plist */ = {isa = PBXFileReference; lastKnownFileType = text.plist.xml; path = Info.plist; sourceTree = "<group>"; };
/* End PBXFileReference section */

/* Begin PBXFrameworksBuildPhase section */
		752DEB381F63A76B0070C161 /* Frameworks */ = {
			isa = PBXFrameworksBuildPhase;
			buildActionMask = 2147483647;
			files = (
			);
			runOnlyForDeploymentPostprocessing = 0;
		};
/* End PBXFrameworksBuildPhase section */

/* Begin PBXGroup section */
		752DEB321F63A76B0070C161 = {
			isa = PBXGroup;
			children = (
				752DEB3D1F63A76B0070C161 /* MedHacks2017 */,
				752DEB3C1F63A76B0070C161 /* Products */,
			);
			sourceTree = "<group>";
		};
		752DEB3C1F63A76B0070C161 /* Products */ = {
			isa = PBXGroup;
			children = (
				752DEB3B1F63A76B0070C161 /* MedHacks2017.app */,
			);
			name = Products;
			sourceTree = "<group>";
		};
		752DEB3D1F63A76B0070C161 /* MedHacks2017 */ = {
			isa = PBXGroup;
			children = (
				752DEB3E1F63A76B0070C161 /* AppDelegate.swift */,
				752DEB401F63A76B0070C161 /* ViewController.swift */,
				752DEB421F63A76B0070C161 /* Main.storyboard */,
				752DEB451F63A76B0070C161 /* Assets.xcassets */,
				752DEB471F63A76B0070C161 /* LaunchScreen.storyboard */,
				752DEB4A1F63A76B0070C161 /* Info.plist */,
			);
			path = MedHacks2017;
			sourceTree = "<group>";
		};
/* End PBXGroup section */

/* Begin PBXNativeTarget section */
		752DEB3A1F63A76B0070C161 /* MedHacks2017 */ = {
			isa = PBXNativeTarget;
			buildConfigurationList = 752DEB4D1F63A76B0070C161 /* Build configuration list for PBXNativeTarget "MedHacks2017" */;
			buildPhases = (
				752DEB371F63A76B0070C161 /* Sources */,
				752DEB381F63A76B0070C161 /* Frameworks */,
				752DEB391F63A76B0070C161 /* Resources */,
			);
			buildRules = (
			);
			dependencies = (
			);
			name = MedHacks2017;
			productName = MedHacks2017;
			productReference = 752DEB3B1F63A76B0070C161 /* MedHacks2017.app */;
			productType = "com.apple.product-type.application";
		};
/* End PBXNativeTarget section */

/* Begin PBXProject section */
		752DEB331F63A76B0070C161 /* Project object */ = {
			isa = PBXProject;
			attributes = {
				LastSwiftUpdateCheck = 0830;
				LastUpgradeCheck = 0830;
				ORGANIZATIONNAME = "Olivia Brown";
				TargetAttributes = {
					752DEB3A1F63A76B0070C161 = {
						CreatedOnToolsVersion = 8.3.3;
						DevelopmentTeam = 8GEKYYW3CQ;
						ProvisioningStyle = Automatic;
					};
				};
			};
			buildConfigurationList = 752DEB361F63A76B0070C161 /* Build configuration list for PBXProject "MedHacks2017" */;
			compatibilityVersion = "Xcode 3.2";
			developmentRegion = English;
			hasScannedForEncodings = 0;
			knownRegions = (
				en,
				Base,
			);
			mainGroup = 752DEB321F63A76B0070C161;
			productRefGroup = 752DEB3C1F63A76B0070C161 /* Products */;
			projectDirPath = "";
			projectRoot = "";
			targets = (
				752DEB3A1F63A76B0070C161 /* MedHacks2017 */,
			);
		};
/* End PBXProject section */

/* Begin PBXResourcesBuildPhase section */
		752DEB391F63A76B0070C161 /* Resources */ = {
			isa = PBXResourcesBuildPhase;
			buildActionMask = 2147483647;
			files = (
				752DEB491F63A76B0070C161 /* LaunchScreen.storyboard in Resources */,
				752DEB461F63A76B0070C161 /* Assets.xcassets in Resources */,
				752DEB441F63A76B0070C161 /* Main.storyboard in Resources */,
			);
			runOnlyForDeploymentPostprocessing = 0;
		};
/* End PBXResourcesBuildPhase section */

/* Begin PBXSourcesBuildPhase section */
		752DEB371F63A76B0070C161 /* Sources */ = {
			isa = PBXSourcesBuildPhase;
			buildActionMask = 2147483647;
			files = (
				752DEB411F63A76B0070C161 /* ViewController.swift in Sources */,
				752DEB3F1F63A76B0070C161 /* AppDelegate.swift in Sources */,
			);
			runOnlyForDeploymentPostprocessing = 0;
		};
/* End PBXSourcesBuildPhase section */

/* Begin PBXVariantGroup section */
		752DEB421F63A76B0070C161 /* Main.storyboard */ = {
			isa = PBXVariantGroup;
			children = (
				752DEB431F63A76B0070C161 /* Base */,
			);
			name = Main.storyboard;
			sourceTree = "<group>";
		};
		752DEB471F63A76B0070C161 /* LaunchScreen.storyboard */ = {
			isa = PBXVariantGroup;
			children = (
				752DEB481F63A76B0070C161 /* Base */,
			);
			name = LaunchScreen.storyboard;
			sourceTree = "<group>";
		};
/* End PBXVariantGroup section */

/* Begin XCBuildConfiguration section */
		752DEB4B1F63A76B0070C161 /* Debug */ = {
			isa = XCBuildConfiguration;
			buildSettings = {
				ALWAYS_SEARCH_USER_PATHS = NO;
				CLANG_ANALYZER_NONNULL = YES;
				CLANG_ANALYZER_NUMBER_OBJECT_CONVERSION = YES_AGGRESSIVE;
				CLANG_CXX_LANGUAGE_STANDARD = "gnu++0x";
				CLANG_CXX_LIBRARY = "libc++";
				CLANG_ENABLE_MODULES = YES;
				CLANG_ENABLE_OBJC_ARC = YES;
				CLANG_WARN_BOOL_CONVERSION = YES;
				CLANG_WARN_CONSTANT_CONVERSION = YES;
				CLANG_WARN_DIRECT_OBJC_ISA_USAGE = YES_ERROR;
				CLANG_WARN_DOCUMENTATION_COMMENTS = YES;
				CLANG_WARN_EMPTY_BODY = YES;
				CLANG_WARN_ENUM_CONVERSION = YES;
				CLANG_WARN_INFINITE_RECURSION = YES;
				CLANG_WARN_INT_CONVERSION = YES;
				CLANG_WARN_OBJC_ROOT_CLASS = YES_ERROR;
				CLANG_WARN_SUSPICIOUS_MOVE = YES;
				CLANG_WARN_UNREACHABLE_CODE = YES;
				CLANG_WARN__DUPLICATE_METHOD_MATCH = YES;
				"CODE_SIGN_IDENTITY[sdk=iphoneos*]" = "iPhone Developer";
				COPY_PHASE_STRIP = NO;
				DEBUG_INFORMATION_FORMAT = dwarf;
				ENABLE_STRICT_OBJC_MSGSEND = YES;
				ENABLE_TESTABILITY = YES;
				GCC_C_LANGUAGE_STANDARD = gnu99;
				GCC_DYNAMIC_NO_PIC = NO;
				GCC_NO_COMMON_BLOCKS = YES;
				GCC_OPTIMIZATION_LEVEL = 0;
				GCC_PREPROCESSOR_DEFINITIONS = (
					"DEBUG=1",
					"$(inherited)",
				);
				GCC_WARN_64_TO_32_BIT_CONVERSION = YES;
				GCC_WARN_ABOUT_RETURN_TYPE = YES_ERROR;
				GCC_WARN_UNDECLARED_SELECTOR = YES;
				GCC_WARN_UNINITIALIZED_AUTOS = YES_AGGRESSIVE;
				GCC_WARN_UNUSED_FUNCTION = YES;
				GCC_WARN_UNUSED_VARIABLE = YES;
				IPHONEOS_DEPLOYMENT_TARGET = 10.3;
				MTL_ENABLE_DEBUG_INFO = YES;
				ONLY_ACTIVE_ARCH = YES;
				SDKROOT = iphoneos;
				SWIFT_ACTIVE_COMPILATION_CONDITIONS = DEBUG;
				SWIFT_OPTIMIZATION_LEVEL = "-Onone";
			};
			name = Debug;
		};
		752DEB4C1F63A76B0070C161 /* Release */ = {
			isa = XCBuildConfiguration;
			buildSettings = {
				ALWAYS_SEARCH_USER_PATHS = NO;
				CLANG_ANALYZER_NONNULL = YES;
				CLANG_ANALYZER_NUMBER_OBJECT_CONVERSION = YES_AGGRESSIVE;
				CLANG_CXX_LANGUAGE_STANDARD = "gnu++0x";
				CLANG_CXX_LIBRARY = "libc++";
				CLANG_ENABLE_MODULES = YES;
				CLANG_ENABLE_OBJC_ARC = YES;
				CLANG_WARN_BOOL_CONVERSION = YES;
				CLANG_WARN_CONSTANT_CONVERSION = YES;
				CLANG_WARN_DIRECT_OBJC_ISA_USAGE = YES_ERROR;
				CLANG_WARN_DOCUMENTATION_COMMENTS = YES;
				CLANG_WARN_EMPTY_BODY = YES;
				CLANG_WARN_ENUM_CONVERSION = YES;
				CLANG_WARN_INFINITE_RECURSION = YES;
				CLANG_WARN_INT_CONVERSION = YES;
				CLANG_WARN_OBJC_ROOT_CLASS = YES_ERROR;
				CLANG_WARN_SUSPICIOUS_MOVE = YES;
				CLANG_WARN_UNREACHABLE_CODE = YES;
				CLANG_WARN__DUPLICATE_METHOD_MATCH = YES;
				"CODE_SIGN_IDENTITY[sdk=iphoneos*]" = "iPhone Developer";
				COPY_PHASE_STRIP = NO;
				DEBUG_INFORMATION_FORMAT = "dwarf-with-dsym";
				ENABLE_NS_ASSERTIONS = NO;
				ENABLE_STRICT_OBJC_MSGSEND = YES;
				GCC_C_LANGUAGE_STANDARD = gnu99;
				GCC_NO_COMMON_BLOCKS = YES;
				GCC_WARN_64_TO_32_BIT_CONVERSION = YES;
				GCC_WARN_ABOUT_RETURN_TYPE = YES_ERROR;
				GCC_WARN_UNDECLARED_SELECTOR = YES;
				GCC_WARN_UNINITIALIZED_AUTOS = YES_AGGRESSIVE;
				GCC_WARN_UNUSED_FUNCTION = YES;
				GCC_WARN_UNUSED_VARIABLE = YES;
				IPHONEOS_DEPLOYMENT_TARGET = 10.3;
				MTL_ENABLE_DEBUG_INFO = NO;
				SDKROOT = iphoneos;
				SWIFT_OPTIMIZATION_LEVEL = "-Owholemodule";
				VALIDATE_PRODUCT = YES;
			};
			name = Release;
		};
		752DEB4E1F63A76B0070C161 /* Debug */ = {
			isa = XCBuildConfiguration;
			buildSettings = {
				ASSETCATALOG_COMPILER_APPICON_NAME = AppIcon;
				DEVELOPMENT_TEAM = 8GEKYYW3CQ;
				INFOPLIST_FILE = MedHacks2017/Info.plist;
				LD_RUNPATH_SEARCH_PATHS = "$(inherited) @executable_path/Frameworks";
				PRODUCT_BUNDLE_IDENTIFIER = org.medhacks.MedHacks2017;
				PRODUCT_NAME = "$(TARGET_NAME)";
				SWIFT_VERSION = 3.0;
			};
			name = Debug;
		};
		752DEB4F1F63A76B0070C161 /* Release */ = {
			isa = XCBuildConfiguration;
			buildSettings = {
				ASSETCATALOG_COMPILER_APPICON_NAME = AppIcon;
				DEVELOPMENT_TEAM = 8GEKYYW3CQ;
				INFOPLIST_FILE = MedHacks2017/Info.plist;
				LD_RUNPATH_SEARCH_PATHS = "$(inherited) @executable_path/Frameworks";
				PRODUCT_BUNDLE_IDENTIFIER = org.medhacks.MedHacks2017;
				PRODUCT_NAME = "$(TARGET_NAME)";
				SWIFT_VERSION = 3.0;
			};
			name = Release;
		};
/* End XCBuildConfiguration section */

/* Begin XCConfigurationList section */
		752DEB361F63A76B0070C161 /* Build configuration list for PBXProject "MedHacks2017" */ = {
			isa = XCConfigurationList;
			buildConfigurations = (
				752DEB4B1F63A76B0070C161 /* Debug */,
				752DEB4C1F63A76B0070C161 /* Release */,
			);
			defaultConfigurationIsVisible = 0;
			defaultConfigurationName = Release;
		};
		752DEB4D1F63A76B0070C161 /* Build configuration list for PBXNativeTarget "MedHacks2017" */ = {
			isa = XCConfigurationList;
			buildConfigurations = (
				752DEB4E1F63A76B0070C161 /* Debug */,
				752DEB4F1F63A76B0070C161 /* Release */,
			);
			defaultConfigurationIsVisible = 0;
		};
/* End XCConfigurationList section */
	};
	rootObject = 752DEB331F63A76B0070C161 /* Project object */;
}
